
Microsoft Visual Studio Solution File, Format Version 12.00
# Visual Studio Version 16
VisualStudioVersion = 16.0.30011.22
MinimumVisualStudioVersion = 10.0.40219.1
Project("{FAE04EC0-301F-11D3-BF4B-00C04F79EFBC}") = "erc721-pic-api", "erc721-pic-api\erc721-pic-api.csproj", "{A0EB4B28-2CC7-4A4D-8A58-4CB96682F11E}"
EndProject
Global
	GlobalSection(SolutionConfigurationPlatforms) = preSolution
		Debug|Any CPU = Debug|Any CPU
		Release|Any CPU = Release|Any CPU
	EndGlobalSection
	GlobalSection(ProjectConfigurationPlatforms) = postSolution
		{A0EB4B28-2CC7-4A4D-8A58-4CB96682F11E}.Debug|Any CPU.ActiveCfg = Debug|Any CPU
		{A0EB4B28-2CC7-4A4D-8A58-4CB96682F11E}.Debug|Any CPU.Build.0 = Debug|Any CPU
		{A0EB4B28-2CC7-4A4D-8A58-4CB96682F11E}.Release|Any CPU.ActiveCfg = Release|Any CPU
		{A0EB4B28-2CC7-4A4D-8A58-4CB96682F11E}.Release|Any CPU.Build.0 = Release|Any CPU
	EndGlobalSection
	GlobalSection(SolutionProperties) = preSolution
		HideSolutionNode = FALSE
	EndGlobalSection
	GlobalSection(ExtensibilityGlobals) = postSolution
		SolutionGuid = {1596E53E-FB83-46C2-A2F2-2EA8B57EB0E8}
	EndGlobalSection
EndGlobal
